
Microsoft Visual Studio Solution File, Format Version 12.00
# Visual Studio Version 16
VisualStudioVersion = 16.0.30320.27
MinimumVisualStudioVersion = 10.0.40219.1
Project("{FAE04EC0-301F-11D3-BF4B-00C04F79EFBC}") = "DockerExample", "DockerExample.csproj", "{0F643772-03AC-41F5-B05E-BB09E0A2755B}"
EndProject
Global
	GlobalSection(SolutionConfigurationPlatforms) = preSolution
		Debug|Any CPU = Debug|Any CPU
		Release|Any CPU = Release|Any CPU
	EndGlobalSection
	GlobalSection(ProjectConfigurationPlatforms) = postSolution
		{0F643772-03AC-41F5-B05E-BB09E0A2755B}.Debug|Any CPU.ActiveCfg = Debug|Any CPU
		{0F643772-03AC-41F5-B05E-BB09E0A2755B}.Debug|Any CPU.Build.0 = Debug|Any CPU
		{0F643772-03AC-41F5-B05E-BB09E0A2755B}.Release|Any CPU.ActiveCfg = Release|Any CPU
		{0F643772-03AC-41F5-B05E-BB09E0A2755B}.Release|Any CPU.Build.0 = Release|Any CPU
	EndGlobalSection
	GlobalSection(SolutionProperties) = preSolution
		HideSolutionNode = FALSE
	EndGlobalSection
	GlobalSection(ExtensibilityGlobals) = postSolution
		SolutionGuid = {FAAEDD10-A5F1-4E5D-9553-7CB6F9309FAB}
	EndGlobalSection
EndGlobal
